# THIS IS AN AUTOGENERATED FILE. DO NOT EDIT THIS FILE DIRECTLY.
# yarn lockfile v1


"@types/reflect-metadata@0.0.5":
  version "0.0.5"
  resolved "https://registry.yarnpkg.com/@types/reflect-metadata/-/reflect-metadata-0.0.5.tgz#9c042bfa9803d577aad4f57dfbca4b7cae4286fe"

actions-on-google@^1.0.9:
  version "1.0.9"
  resolved "https://registry.yarnpkg.com/actions-on-google/-/actions-on-google-1.0.9.tgz#4c50e3c280aef145ebe26b13cde36a7b736a53a4"
  dependencies:
    debug "^2.2.0"

debug@^2.2.0:
  version "2.6.6"
  resolved "https://registry.yarnpkg.com/debug/-/debug-2.6.6.tgz#a9fa6fbe9ca43cf1e79f73b75c0189cbb7d6db5a"
  dependencies:
    ms "0.7.3"

di-typescript@^1.1.3:
  version "1.1.3"
  resolved "https://registry.yarnpkg.com/di-typescript/-/di-typescript-1.1.3.tgz#4994fa762edcb4b7be9a6189b9684f5c5daca9f5"
  dependencies:
    "@types/reflect-metadata" "0.0.5"

ms@0.7.3:
  version "0.7.3"
  resolved "https://registry.yarnpkg.com/ms/-/ms-0.7.3.tgz#708155a5e44e33f5fd0fc53e81d0d40a91be1fff"

reflect-metadata@^0.1.10:
  version "0.1.10"
  resolved "https://registry.yarnpkg.com/reflect-metadata/-/reflect-metadata-0.1.10.tgz#b4f83704416acad89988c9b15635d47e03b9344a"

"voice-assistant-js@file:/Users/caziel/workspace/own/voice-assistent-js":
  version "0.1"
  dependencies:
    di-typescript "^1.1.3"
    reflect-metadata "^0.1.10"
